dependencies:
  idf:
    source:
      type: idf
    version: 5.5.4
  m5stack/m5gfx:
    component_hash: ebd725c94610759ccfc1227f60a395932f591e17b95bebec80164d853535c8c5
    dependencies: []
    source:
      registry_url: https://components.espressif.com/
      type: service
    version: 0.2.32
  m5stack/m5unified:
    component_hash: 1c23d1e240ff5e571d563a2f124e1022bb8da1c099d495c37834cc02e19240ae
    dependencies:
    - name: m5stack/m5gfx
      registry_url: https://components.espressif.com
      require: private
      version: '>=0.2.30'
    source:
      registry_url: https://components.espressif.com/
      type: service
    version: 0.2.23
direct_dependencies:
- idf
- m5stack/m5gfx
- m5stack/m5unified
manifest_hash: 2b7b62d3e582cf4a642634fd8bb4170e11a936e981cc651528727440a33847b6
target: esp32s3
version: 2.0.0
